
Microsoft Visual Studio Solution File, Format Version 12.00
# Visual Studio Version 17
VisualStudioVersion = 17.14.36408.4 d17.14
MinimumVisualStudioVersion = 10.0.40219.1
Project("{FAE04EC0-301F-11D3-BF4B-00C04F79EFBC}") = "Composition3StringBuilder", "Composition3StringBuilder.csproj", "{77A22984-7F5F-486F-92B1-996A02F2F58B}"
EndProject
Global
	GlobalSection(SolutionConfigurationPlatforms) = preSolution
		Debug|Any CPU = Debug|Any CPU
		Release|Any CPU = Release|Any CPU
	EndGlobalSection
	GlobalSection(ProjectConfigurationPlatforms) = postSolution
		{77A22984-7F5F-486F-92B1-996A02F2F58B}.Debug|Any CPU.ActiveCfg = Debug|Any CPU
		{77A22984-7F5F-486F-92B1-996A02F2F58B}.Debug|Any CPU.Build.0 = Debug|Any CPU
		{77A22984-7F5F-486F-92B1-996A02F2F58B}.Release|Any CPU.ActiveCfg = Release|Any CPU
		{77A22984-7F5F-486F-92B1-996A02F2F58B}.Release|Any CPU.Build.0 = Release|Any CPU
	EndGlobalSection
	GlobalSection(SolutionProperties) = preSolution
		HideSolutionNode = FALSE
	EndGlobalSection
	GlobalSection(ExtensibilityGlobals) = postSolution
		SolutionGuid = {0F2E875C-7FE6-45F4-B170-080140AAB7DE}
	EndGlobalSection
EndGlobal
